
Microsoft Visual Studio Solution File, Format Version 12.00
# Visual Studio Version 17
VisualStudioVersion = 17.2.32616.157
MinimumVisualStudioVersion = 10.0.40219.1
Project("{FAE04EC0-301F-11D3-BF4B-00C04F79EFBC}") = "xopp Merger", "xopp Merger.csproj", "{5895C36E-0288-40ED-95DE-75BB9AF9D5E4}"
EndProject
Global
	GlobalSection(SolutionConfigurationPlatforms) = preSolution
		Debug|Any CPU = Debug|Any CPU
		Release|Any CPU = Release|Any CPU
	EndGlobalSection
	GlobalSection(ProjectConfigurationPlatforms) = postSolution
		{5895C36E-0288-40ED-95DE-75BB9AF9D5E4}.Debug|Any CPU.ActiveCfg = Debug|Any CPU
		{5895C36E-0288-40ED-95DE-75BB9AF9D5E4}.Debug|Any CPU.Build.0 = Debug|Any CPU
		{5895C36E-0288-40ED-95DE-75BB9AF9D5E4}.Release|Any CPU.ActiveCfg = Release|Any CPU
		{5895C36E-0288-40ED-95DE-75BB9AF9D5E4}.Release|Any CPU.Build.0 = Release|Any CPU
	EndGlobalSection
	GlobalSection(SolutionProperties) = preSolution
		HideSolutionNode = FALSE
	EndGlobalSection
	GlobalSection(ExtensibilityGlobals) = postSolution
		SolutionGuid = {927C1082-60F8-44BF-A476-690D3CA056EB}
	EndGlobalSection
EndGlobal
